
Microsoft Visual Studio Solution File, Format Version 12.00
# Visual Studio Version 17
VisualStudioVersion = 17.0.32014.148
MinimumVisualStudioVersion = 10.0.40219.1
Project("{FAE04EC0-301F-11D3-BF4B-00C04F79EFBC}") = "CheckerScoreAPI", "CheckerScoreAPI\CheckerScoreAPI.csproj", "{79FF66CD-4BD1-47BD-AB8F-9ABC8ECD17D1}"
EndProject
Project("{FAE04EC0-301F-11D3-BF4B-00C04F79EFBC}") = "CheckerScoreAPI.Tests", "CheckerScoreAPI.Tests\CheckerScoreAPI.Tests.csproj", "{759EC400-5620-4F04-A702-83A6E701A240}"
EndProject
Global
	GlobalSection(SolutionConfigurationPlatforms) = preSolution
		Debug|Any CPU = Debug|Any CPU
		Release|Any CPU = Release|Any CPU
	EndGlobalSection
	GlobalSection(ProjectConfigurationPlatforms) = postSolution
		{79FF66CD-4BD1-47BD-AB8F-9ABC8ECD17D1}.Debug|Any CPU.ActiveCfg = Debug|Any CPU
		{79FF66CD-4BD1-47BD-AB8F-9ABC8ECD17D1}.Debug|Any CPU.Build.0 = Debug|Any CPU
		{79FF66CD-4BD1-47BD-AB8F-9ABC8ECD17D1}.Release|Any CPU.ActiveCfg = Release|Any CPU
		{79FF66CD-4BD1-47BD-AB8F-9ABC8ECD17D1}.Release|Any CPU.Build.0 = Release|Any CPU
		{759EC400-5620-4F04-A702-83A6E701A240}.Debug|Any CPU.ActiveCfg = Debug|Any CPU
		{759EC400-5620-4F04-A702-83A6E701A240}.Debug|Any CPU.Build.0 = Debug|Any CPU
		{759EC400-5620-4F04-A702-83A6E701A240}.Release|Any CPU.ActiveCfg = Release|Any CPU
		{759EC400-5620-4F04-A702-83A6E701A240}.Release|Any CPU.Build.0 = Release|Any CPU
	EndGlobalSection
	GlobalSection(SolutionProperties) = preSolution
		HideSolutionNode = FALSE
	EndGlobalSection
	GlobalSection(ExtensibilityGlobals) = postSolution
		SolutionGuid = {51C453A1-ED55-450C-A01E-8CAA8C253E5C}
	EndGlobalSection
EndGlobal
